
Microsoft Visual Studio Solution File, Format Version 12.00
# Visual Studio 2012
Project("{FAE04EC0-301F-11D3-BF4B-00C04F79EFBC}") = "ShowInGithub", "ShowInGithub\ShowInGithub.csproj", "{E44DAB13-61BD-406A-81A1-90E2DBA566CB}"
EndProject
Global
	GlobalSection(SolutionConfigurationPlatforms) = preSolution
		Debug|Any CPU = Debug|Any CPU
		Release|Any CPU = Release|Any CPU
	EndGlobalSection
	GlobalSection(ProjectConfigurationPlatforms) = postSolution
		{E44DAB13-61BD-406A-81A1-90E2DBA566CB}.Debug|Any CPU.ActiveCfg = Debug|Any CPU
		{E44DAB13-61BD-406A-81A1-90E2DBA566CB}.Debug|Any CPU.Build.0 = Debug|Any CPU
		{E44DAB13-61BD-406A-81A1-90E2DBA566CB}.Release|Any CPU.ActiveCfg = Release|Any CPU
		{E44DAB13-61BD-406A-81A1-90E2DBA566CB}.Release|Any CPU.Build.0 = Release|Any CPU
	EndGlobalSection
	GlobalSection(MonoDevelopProperties) = preSolution
		StartupItem = ShowInGithub\ShowInGithub.csproj
	EndGlobalSection
EndGlobal
